
Microsoft Visual Studio Solution File, Format Version 12.00
# Visual Studio 2013
VisualStudioVersion = 12.0.21005.1
MinimumVisualStudioVersion = 10.0.40219.1
Project("{FAE04EC0-301F-11D3-BF4B-00C04F79EFBC}") = "MyAlbumEditor", "MyAlbumEditor\MyAlbumEditor.csproj", "{9813740F-B458-4FAA-96DF-99D6EDF60C1B}"
EndProject
Project("{FAE04EC0-301F-11D3-BF4B-00C04F79EFBC}") = "MyPhotoAlbum", "..\MyPhotos\MyPhotoAlbum\MyPhotoAlbum.csproj", "{11B5D048-A71C-4586-9EA0-F4F2A894AB7A}"
EndProject
Project("{FAE04EC0-301F-11D3-BF4B-00C04F79EFBC}") = "MyPhotoControls", "..\MyPhotos\MyPhotoControls\MyPhotoControls.csproj", "{C46EC0F7-D5BF-4C1F-80CF-8BDBE91EBD03}"
EndProject
Global
	GlobalSection(SolutionConfigurationPlatforms) = preSolution
		Debug|Any CPU = Debug|Any CPU
		Release|Any CPU = Release|Any CPU
	EndGlobalSection
	GlobalSection(ProjectConfigurationPlatforms) = postSolution
		{9813740F-B458-4FAA-96DF-99D6EDF60C1B}.Debug|Any CPU.ActiveCfg = Debug|Any CPU
		{9813740F-B458-4FAA-96DF-99D6EDF60C1B}.Debug|Any CPU.Build.0 = Debug|Any CPU
		{9813740F-B458-4FAA-96DF-99D6EDF60C1B}.Release|Any CPU.ActiveCfg = Release|Any CPU
		{9813740F-B458-4FAA-96DF-99D6EDF60C1B}.Release|Any CPU.Build.0 = Release|Any CPU
		{11B5D048-A71C-4586-9EA0-F4F2A894AB7A}.Debug|Any CPU.ActiveCfg = Debug|Any CPU
		{11B5D048-A71C-4586-9EA0-F4F2A894AB7A}.Debug|Any CPU.Build.0 = Debug|Any CPU
		{11B5D048-A71C-4586-9EA0-F4F2A894AB7A}.Release|Any CPU.ActiveCfg = Release|Any CPU
		{11B5D048-A71C-4586-9EA0-F4F2A894AB7A}.Release|Any CPU.Build.0 = Release|Any CPU
		{C46EC0F7-D5BF-4C1F-80CF-8BDBE91EBD03}.Debug|Any CPU.ActiveCfg = Debug|Any CPU
		{C46EC0F7-D5BF-4C1F-80CF-8BDBE91EBD03}.Debug|Any CPU.Build.0 = Debug|Any CPU
		{C46EC0F7-D5BF-4C1F-80CF-8BDBE91EBD03}.Release|Any CPU.ActiveCfg = Release|Any CPU
		{C46EC0F7-D5BF-4C1F-80CF-8BDBE91EBD03}.Release|Any CPU.Build.0 = Release|Any CPU
	EndGlobalSection
	GlobalSection(SolutionProperties) = preSolution
		HideSolutionNode = FALSE
	EndGlobalSection
EndGlobal
